
Microsoft Visual Studio Solution File, Format Version 12.00
# Visual Studio Version 16
VisualStudioVersion = 16.0.31729.503
MinimumVisualStudioVersion = 10.0.40219.1
Project("{FAE04EC0-301F-11D3-BF4B-00C04F79EFBC}") = "Recipe", "Recipe.csproj", "{5832561D-6E79-4D25-8F0A-E6BA662C15B7}"
EndProject
Global
	GlobalSection(SolutionConfigurationPlatforms) = preSolution
		Debug|Any CPU = Debug|Any CPU
		Release|Any CPU = Release|Any CPU
	EndGlobalSection
	GlobalSection(ProjectConfigurationPlatforms) = postSolution
		{5832561D-6E79-4D25-8F0A-E6BA662C15B7}.Debug|Any CPU.ActiveCfg = Debug|Any CPU
		{5832561D-6E79-4D25-8F0A-E6BA662C15B7}.Debug|Any CPU.Build.0 = Debug|Any CPU
		{5832561D-6E79-4D25-8F0A-E6BA662C15B7}.Release|Any CPU.ActiveCfg = Release|Any CPU
		{5832561D-6E79-4D25-8F0A-E6BA662C15B7}.Release|Any CPU.Build.0 = Release|Any CPU
	EndGlobalSection
	GlobalSection(SolutionProperties) = preSolution
		HideSolutionNode = FALSE
	EndGlobalSection
	GlobalSection(ExtensibilityGlobals) = postSolution
		SolutionGuid = {010FAE54-052A-4FDB-B58E-5B6554AE74A9}
	EndGlobalSection
EndGlobal
